
Microsoft Visual Studio Solution File, Format Version 12.00
# Visual Studio 15
VisualStudioVersion = 15.0.26228.4
MinimumVisualStudioVersion = 10.0.40219.1
Project("{FAE04EC0-301F-11D3-BF4B-00C04F79EFBC}") = "Line Balancing GUI", "Line Balancing GUI\Line Balancing GUI.csproj", "{1AAACAC6-EEBE-4A6B-A070-F3D9356C5FBD}"
EndProject
Project("{FAE04EC0-301F-11D3-BF4B-00C04F79EFBC}") = "GraphLibrary", "GraphLibrary\GraphLibrary.csproj", "{FB7D082A-ACBD-4FAF-98FD-C8C5BD806729}"
EndProject
Project("{FAE04EC0-301F-11D3-BF4B-00C04F79EFBC}") = "GraphTester", "GraphTester\GraphTester.csproj", "{22F5F71E-EE93-4E43-B9EA-B52823B0084B}"
EndProject
Global
	GlobalSection(SolutionConfigurationPlatforms) = preSolution
		Debug|Any CPU = Debug|Any CPU
		Release|Any CPU = Release|Any CPU
	EndGlobalSection
	GlobalSection(ProjectConfigurationPlatforms) = postSolution
		{1AAACAC6-EEBE-4A6B-A070-F3D9356C5FBD}.Debug|Any CPU.ActiveCfg = Debug|Any CPU
		{1AAACAC6-EEBE-4A6B-A070-F3D9356C5FBD}.Debug|Any CPU.Build.0 = Debug|Any CPU
		{1AAACAC6-EEBE-4A6B-A070-F3D9356C5FBD}.Release|Any CPU.ActiveCfg = Release|Any CPU
		{1AAACAC6-EEBE-4A6B-A070-F3D9356C5FBD}.Release|Any CPU.Build.0 = Release|Any CPU
		{FB7D082A-ACBD-4FAF-98FD-C8C5BD806729}.Debug|Any CPU.ActiveCfg = Debug|Any CPU
		{FB7D082A-ACBD-4FAF-98FD-C8C5BD806729}.Debug|Any CPU.Build.0 = Debug|Any CPU
		{FB7D082A-ACBD-4FAF-98FD-C8C5BD806729}.Release|Any CPU.ActiveCfg = Release|Any CPU
		{FB7D082A-ACBD-4FAF-98FD-C8C5BD806729}.Release|Any CPU.Build.0 = Release|Any CPU
		{22F5F71E-EE93-4E43-B9EA-B52823B0084B}.Debug|Any CPU.ActiveCfg = Debug|Any CPU
		{22F5F71E-EE93-4E43-B9EA-B52823B0084B}.Debug|Any CPU.Build.0 = Debug|Any CPU
		{22F5F71E-EE93-4E43-B9EA-B52823B0084B}.Release|Any CPU.ActiveCfg = Release|Any CPU
		{22F5F71E-EE93-4E43-B9EA-B52823B0084B}.Release|Any CPU.Build.0 = Release|Any CPU
	EndGlobalSection
	GlobalSection(SolutionProperties) = preSolution
		HideSolutionNode = FALSE
	EndGlobalSection
EndGlobal
